
Microsoft Visual Studio Solution File, Format Version 12.00
# Visual Studio Version 16
VisualStudioVersion = 16.0.31424.327
MinimumVisualStudioVersion = 10.0.40219.1
Project("{FAE04EC0-301F-11D3-BF4B-00C04F79EFBC}") = "Recursion", "Recursion\Recursion.csproj", "{2FDC41E3-E6AA-474C-9484-A9BAE04B3CB1}"
EndProject
Project("{FAE04EC0-301F-11D3-BF4B-00C04F79EFBC}") = "Properties", "..\Properties\Properties.csproj", "{14D2334F-AC8F-4FDE-8984-643167CE4043}"
EndProject
Project("{FAE04EC0-301F-11D3-BF4B-00C04F79EFBC}") = "Array", "..\Array\Array.csproj", "{88DFD686-D8A1-4A28-B189-DB8C3C9992F3}"
EndProject
Project("{FAE04EC0-301F-11D3-BF4B-00C04F79EFBC}") = "OperatorOverload", "..\OperatorOverload\OperatorOverload.csproj", "{89995DF2-D362-4868-B984-E3A2CFC95EC3}"
EndProject
Project("{FAE04EC0-301F-11D3-BF4B-00C04F79EFBC}") = "InterfaceImplementation", "..\InterfaceImplementation\InterfaceImplementation.csproj", "{C91CEB98-0A8C-448B-8139-49ABC276A404}"
EndProject
Project("{FAE04EC0-301F-11D3-BF4B-00C04F79EFBC}") = "TrafficLight", "..\TrafficLight\TrafficLight.csproj", "{F9D69BA5-64A1-498F-A874-60962103E22A}"
EndProject
Global
	GlobalSection(SolutionConfigurationPlatforms) = preSolution
		Debug|Any CPU = Debug|Any CPU
		Release|Any CPU = Release|Any CPU
	EndGlobalSection
	GlobalSection(ProjectConfigurationPlatforms) = postSolution
		{2FDC41E3-E6AA-474C-9484-A9BAE04B3CB1}.Debug|Any CPU.ActiveCfg = Debug|Any CPU
		{2FDC41E3-E6AA-474C-9484-A9BAE04B3CB1}.Debug|Any CPU.Build.0 = Debug|Any CPU
		{2FDC41E3-E6AA-474C-9484-A9BAE04B3CB1}.Release|Any CPU.ActiveCfg = Release|Any CPU
		{2FDC41E3-E6AA-474C-9484-A9BAE04B3CB1}.Release|Any CPU.Build.0 = Release|Any CPU
		{14D2334F-AC8F-4FDE-8984-643167CE4043}.Debug|Any CPU.ActiveCfg = Debug|Any CPU
		{14D2334F-AC8F-4FDE-8984-643167CE4043}.Debug|Any CPU.Build.0 = Debug|Any CPU
		{14D2334F-AC8F-4FDE-8984-643167CE4043}.Release|Any CPU.ActiveCfg = Release|Any CPU
		{14D2334F-AC8F-4FDE-8984-643167CE4043}.Release|Any CPU.Build.0 = Release|Any CPU
		{88DFD686-D8A1-4A28-B189-DB8C3C9992F3}.Debug|Any CPU.ActiveCfg = Debug|Any CPU
		{88DFD686-D8A1-4A28-B189-DB8C3C9992F3}.Debug|Any CPU.Build.0 = Debug|Any CPU
		{88DFD686-D8A1-4A28-B189-DB8C3C9992F3}.Release|Any CPU.ActiveCfg = Release|Any CPU
		{88DFD686-D8A1-4A28-B189-DB8C3C9992F3}.Release|Any CPU.Build.0 = Release|Any CPU
		{89995DF2-D362-4868-B984-E3A2CFC95EC3}.Debug|Any CPU.ActiveCfg = Debug|Any CPU
		{89995DF2-D362-4868-B984-E3A2CFC95EC3}.Debug|Any CPU.Build.0 = Debug|Any CPU
		{89995DF2-D362-4868-B984-E3A2CFC95EC3}.Release|Any CPU.ActiveCfg = Release|Any CPU
		{89995DF2-D362-4868-B984-E3A2CFC95EC3}.Release|Any CPU.Build.0 = Release|Any CPU
		{C91CEB98-0A8C-448B-8139-49ABC276A404}.Debug|Any CPU.ActiveCfg = Debug|Any CPU
		{C91CEB98-0A8C-448B-8139-49ABC276A404}.Debug|Any CPU.Build.0 = Debug|Any CPU
		{C91CEB98-0A8C-448B-8139-49ABC276A404}.Release|Any CPU.ActiveCfg = Release|Any CPU
		{C91CEB98-0A8C-448B-8139-49ABC276A404}.Release|Any CPU.Build.0 = Release|Any CPU
		{F9D69BA5-64A1-498F-A874-60962103E22A}.Debug|Any CPU.ActiveCfg = Debug|Any CPU
		{F9D69BA5-64A1-498F-A874-60962103E22A}.Debug|Any CPU.Build.0 = Debug|Any CPU
		{F9D69BA5-64A1-498F-A874-60962103E22A}.Release|Any CPU.ActiveCfg = Release|Any CPU
		{F9D69BA5-64A1-498F-A874-60962103E22A}.Release|Any CPU.Build.0 = Release|Any CPU
	EndGlobalSection
	GlobalSection(SolutionProperties) = preSolution
		HideSolutionNode = FALSE
	EndGlobalSection
	GlobalSection(ExtensibilityGlobals) = postSolution
		SolutionGuid = {16EFD50D-7D6B-4D6B-86A0-FEF53504DC26}
	EndGlobalSection
EndGlobal
